
Microsoft Visual Studio Solution File, Format Version 12.00
# Visual Studio Version 17
VisualStudioVersion = 17.3.32825.248
MinimumVisualStudioVersion = 10.0.40219.1
Project("{9A19103F-16F7-4668-BE54-9A1E7A4F7556}") = "ObjectPages", "ObjectPages\ObjectPages.csproj", "{3BB5CFEC-A608-4B52-8DF4-967BAF902338}"
EndProject
Project("{9A19103F-16F7-4668-BE54-9A1E7A4F7556}") = "Tests", "Tests\Tests.csproj", "{BE13059E-9217-4528-B630-BA2425CCA8EA}"
	ProjectSection(ProjectDependencies) = postProject
		{3BB5CFEC-A608-4B52-8DF4-967BAF902338} = {3BB5CFEC-A608-4B52-8DF4-967BAF902338}
	EndProjectSection
EndProject
Global
	GlobalSection(SolutionConfigurationPlatforms) = preSolution
		Debug|Any CPU = Debug|Any CPU
		Release|Any CPU = Release|Any CPU
	EndGlobalSection
	GlobalSection(ProjectConfigurationPlatforms) = postSolution
		{3BB5CFEC-A608-4B52-8DF4-967BAF902338}.Debug|Any CPU.ActiveCfg = Debug|Any CPU
		{3BB5CFEC-A608-4B52-8DF4-967BAF902338}.Debug|Any CPU.Build.0 = Debug|Any CPU
		{3BB5CFEC-A608-4B52-8DF4-967BAF902338}.Release|Any CPU.ActiveCfg = Release|Any CPU
		{3BB5CFEC-A608-4B52-8DF4-967BAF902338}.Release|Any CPU.Build.0 = Release|Any CPU
		{BE13059E-9217-4528-B630-BA2425CCA8EA}.Debug|Any CPU.ActiveCfg = Debug|Any CPU
		{BE13059E-9217-4528-B630-BA2425CCA8EA}.Debug|Any CPU.Build.0 = Debug|Any CPU
		{BE13059E-9217-4528-B630-BA2425CCA8EA}.Release|Any CPU.ActiveCfg = Release|Any CPU
		{BE13059E-9217-4528-B630-BA2425CCA8EA}.Release|Any CPU.Build.0 = Release|Any CPU
	EndGlobalSection
	GlobalSection(SolutionProperties) = preSolution
		HideSolutionNode = FALSE
	EndGlobalSection
	GlobalSection(ExtensibilityGlobals) = postSolution
		SolutionGuid = {AC47783E-4B1D-43C7-91EF-6A896E9EA552}
	EndGlobalSection
EndGlobal
